// !$*UTF8*$!
{
	archiveVersion = 1;
	classes = {
	};
	objectVersion = 50;
	objects = {

/* Begin PBXBuildFile section */
		9F1954FE2541600F00F90D17 /* ZXPianoApp.swift in Sources */ = {isa = PBXBuildFile; fileRef = 9F1954FD2541600F00F90D17 /* ZXPianoApp.swift */; };
		9F1955002541600F00F90D17 /* ContentView.swift in Sources */ = {isa = PBXBuildFile; fileRef = 9F1954FF2541600F00F90D17 /* ContentView.swift */; };
		9F1955022541601700F90D17 /* Assets.xcassets in Resources */ = {isa = PBXBuildFile; fileRef = 9F1955012541601700F90D17 /* Assets.xcassets */; };
		9F1955052541601700F90D17 /* Preview Assets.xcassets in Resources */ = {isa = PBXBuildFile; fileRef = 9F1955042541601700F90D17 /* Preview Assets.xcassets */; };
		9F6ED1ED2542A9C30070C399 /* Keyboard.swift in Sources */ = {isa = PBXBuildFile; fileRef = 9F6ED1EC2542A9C30070C399 /* Keyboard.swift */; };
		9FAC0D5925480ED500DCD8A4 /* SwiftUI.framework in Frameworks */ = {isa = PBXBuildFile; fileRef = 9FAC0D5825480ED500DCD8A4 /* SwiftUI.framework */; };
/* End PBXBuildFile section */

/* Begin PBXFileReference section */
		9F1954FA2541600F00F90D17 /* ZXPiano.app */ = {isa = PBXFileReference; explicitFileType = wrapper.application; includeInIndex = 0; path = ZXPiano.app; sourceTree = BUILT_PRODUCTS_DIR; };
		9F1954FD2541600F00F90D17 /* ZXPianoApp.swift */ = {isa = PBXFileReference; lastKnownFileType = sourcecode.swift; path = ZXPianoApp.swift; sourceTree = "<group>"; };
		9F1954FF2541600F00F90D17 /* ContentView.swift */ = {isa = PBXFileReference; lastKnownFileType = sourcecode.swift; path = ContentView.swift; sourceTree = "<group>"; };
		9F1955012541601700F90D17 /* Assets.xcassets */ = {isa = PBXFileReference; lastKnownFileType = folder.assetcatalog; path = Assets.xcassets; sourceTree = "<group>"; };
		9F1955042541601700F90D17 /* Preview Assets.xcassets */ = {isa = PBXFileReference; lastKnownFileType = folder.assetcatalog; path = "Preview Assets.xcassets"; sourceTree = "<group>"; };
		9F1955062541601700F90D17 /* Info.plist */ = {isa = PBXFileReference; lastKnownFileType = text.plist.xml; path = Info.plist; sourceTree = "<group>"; };
		9F19550D2541602B00F90D17 /* ZXPiano.entitlements */ = {isa = PBXFileReference; lastKnownFileType = text.plist.entitlements; path = ZXPiano.entitlements; sourceTree = "<group>"; };
		9F6ED1EC2542A9C30070C399 /* Keyboard.swift */ = {isa = PBXFileReference; lastKnownFileType = sourcecode.swift; path = Keyboard.swift; sourceTree = "<group>"; };
		9FAC0D5825480ED500DCD8A4 /* SwiftUI.framework */ = {isa = PBXFileReference; lastKnownFileType = wrapper.framework; name = SwiftUI.framework; path = Platforms/MacOSX.platform/Developer/SDKs/MacOSX10.15.sdk/System/iOSSupport/System/Library/Frameworks/SwiftUI.framework; sourceTree = DEVELOPER_DIR; };
/* End PBXFileReference section */

/* Begin PBXFrameworksBuildPhase section */
		9F1954F72541600F00F90D17 /* Frameworks */ = {
			isa = PBXFrameworksBuildPhase;
			buildActionMask = 2147483647;
			files = (
				9FAC0D5925480ED500DCD8A4 /* SwiftUI.framework in Frameworks */,
			);
			runOnlyForDeploymentPostprocessing = 0;
		};
/* End PBXFrameworksBuildPhase section */

/* Begin PBXGroup section */
		9F1954F12541600E00F90D17 = {
			isa = PBXGroup;
			children = (
				9F1954FC2541600F00F90D17 /* ZXPiano */,
				9F1954FB2541600F00F90D17 /* Products */,
				9FAC0D5725480ED500DCD8A4 /* Frameworks */,
			);
			sourceTree = "<group>";
		};
		9F1954FB2541600F00F90D17 /* Products */ = {
			isa = PBXGroup;
			children = (
				9F1954FA2541600F00F90D17 /* ZXPiano.app */,
			);
			name = Products;
			sourceTree = "<group>";
		};
		9F1954FC2541600F00F90D17 /* ZXPiano */ = {
			isa = PBXGroup;
			children = (
				9F19550D2541602B00F90D17 /* ZXPiano.entitlements */,
				9F1954FD2541600F00F90D17 /* ZXPianoApp.swift */,
				9F1954FF2541600F00F90D17 /* ContentView.swift */,
				9F6ED1EC2542A9C30070C399 /* Keyboard.swift */,
				9F1955012541601700F90D17 /* Assets.xcassets */,
				9F1955062541601700F90D17 /* Info.plist */,
				9F1955032541601700F90D17 /* Preview Content */,
			);
			path = ZXPiano;
			sourceTree = "<group>";
		};
		9F1955032541601700F90D17 /* Preview Content */ = {
			isa = PBXGroup;
			children = (
				9F1955042541601700F90D17 /* Preview Assets.xcassets */,
			);
			path = "Preview Content";
			sourceTree = "<group>";
		};
		9FAC0D5725480ED500DCD8A4 /* Frameworks */ = {
			isa = PBXGroup;
			children = (
				9FAC0D5825480ED500DCD8A4 /* SwiftUI.framework */,
			);
			name = Frameworks;
			sourceTree = "<group>";
		};
/* End PBXGroup section */

/* Begin PBXNativeTarget section */
		9F1954F92541600F00F90D17 /* ZXPiano */ = {
			isa = PBXNativeTarget;
			buildConfigurationList = 9F1955092541601700F90D17 /* Build configuration list for PBXNativeTarget "ZXPiano" */;
			buildPhases = (
				9F1954F62541600F00F90D17 /* Sources */,
				9F1954F72541600F00F90D17 /* Frameworks */,
				9F1954F82541600F00F90D17 /* Resources */,
			);
			buildRules = (
			);
			dependencies = (
			);
			name = ZXPiano;
			productName = ZXPiano;
			productReference = 9F1954FA2541600F00F90D17 /* ZXPiano.app */;
			productType = "com.apple.product-type.application";
		};
/* End PBXNativeTarget section */

/* Begin PBXProject section */
		9F1954F22541600E00F90D17 /* Project object */ = {
			isa = PBXProject;
			attributes = {
				LastSwiftUpdateCheck = 1210;
				LastUpgradeCheck = 1210;
				TargetAttributes = {
					9F1954F92541600F00F90D17 = {
						CreatedOnToolsVersion = 12.1;
					};
				};
			};
			buildConfigurationList = 9F1954F52541600E00F90D17 /* Build configuration list for PBXProject "ZXPiano" */;
			compatibilityVersion = "Xcode 9.3";
			developmentRegion = en;
			hasScannedForEncodings = 0;
			knownRegions = (
				en,
				Base,
			);
			mainGroup = 9F1954F12541600E00F90D17;
			productRefGroup = 9F1954FB2541600F00F90D17 /* Products */;
			projectDirPath = "";
			projectRoot = "";
			targets = (
				9F1954F92541600F00F90D17 /* ZXPiano */,
			);
		};
/* End PBXProject section */

/* Begin PBXResourcesBuildPhase section */
		9F1954F82541600F00F90D17 /* Resources */ = {
			isa = PBXResourcesBuildPhase;
			buildActionMask = 2147483647;
			files = (
				9F1955052541601700F90D17 /* Preview Assets.xcassets in Resources */,
				9F1955022541601700F90D17 /* Assets.xcassets in Resources */,
			);
			runOnlyForDeploymentPostprocessing = 0;
		};
/* End PBXResourcesBuildPhase section */

/* Begin PBXSourcesBuildPhase section */
		9F1954F62541600F00F90D17 /* Sources */ = {
			isa = PBXSourcesBuildPhase;
			buildActionMask = 2147483647;
			files = (
				9F1955002541600F00F90D17 /* ContentView.swift in Sources */,
				9F6ED1ED2542A9C30070C399 /* Keyboard.swift in Sources */,
				9F1954FE2541600F00F90D17 /* ZXPianoApp.swift in Sources */,
			);
			runOnlyForDeploymentPostprocessing = 0;
		};
/* End PBXSourcesBuildPhase section */

/* Begin XCBuildConfiguration section */
		9F1955072541601700F90D17 /* Debug */ = {
			isa = XCBuildConfiguration;
			buildSettings = {
				ALWAYS_SEARCH_USER_PATHS = NO;
				CLANG_ANALYZER_NONNULL = YES;
				CLANG_ANALYZER_NUMBER_OBJECT_CONVERSION = YES_AGGRESSIVE;
				CLANG_CXX_LANGUAGE_STANDARD = "gnu++14";
				CLANG_CXX_LIBRARY = "libc++";
				CLANG_ENABLE_MODULES = YES;
				CLANG_ENABLE_OBJC_ARC = YES;
				CLANG_ENABLE_OBJC_WEAK = YES;
				CLANG_WARN_BLOCK_CAPTURE_AUTORELEASING = YES;
				CLANG_WARN_BOOL_CONVERSION = YES;
				CLANG_WARN_COMMA = YES;
				CLANG_WARN_CONSTANT_CONVERSION = YES;
				CLANG_WARN_DEPRECATED_OBJC_IMPLEMENTATIONS = YES;
				CLANG_WARN_DIRECT_OBJC_ISA_USAGE = YES_ERROR;
				CLANG_WARN_DOCUMENTATION_COMMENTS = YES;
				CLANG_WARN_EMPTY_BODY = YES;
				CLANG_WARN_ENUM_CONVERSION = YES;
				CLANG_WARN_INFINITE_RECURSION = YES;
				CLANG_WARN_INT_CONVERSION = YES;
				CLANG_WARN_NON_LITERAL_NULL_CONVERSION = YES;
				CLANG_WARN_OBJC_IMPLICIT_RETAIN_SELF = YES;
				CLANG_WARN_OBJC_LITERAL_CONVERSION = YES;
				CLANG_WARN_OBJC_ROOT_CLASS = YES_ERROR;
				CLANG_WARN_QUOTED_INCLUDE_IN_FRAMEWORK_HEADER = YES;
				CLANG_WARN_RANGE_LOOP_ANALYSIS = YES;
				CLANG_WARN_STRICT_PROTOTYPES = YES;
				CLANG_WARN_SUSPICIOUS_MOVE = YES;
				CLANG_WARN_UNGUARDED_AVAILABILITY = YES_AGGRESSIVE;
				CLANG_WARN_UNREACHABLE_CODE = YES;
				CLANG_WARN__DUPLICATE_METHOD_MATCH = YES;
				COPY_PHASE_STRIP = NO;
				DEBUG_INFORMATION_FORMAT = dwarf;
				ENABLE_STRICT_OBJC_MSGSEND = YES;
				ENABLE_TESTABILITY = YES;
				GCC_C_LANGUAGE_STANDARD = gnu11;
				GCC_DYNAMIC_NO_PIC = NO;
				GCC_NO_COMMON_BLOCKS = YES;
				GCC_OPTIMIZATION_LEVEL = 0;
				GCC_PREPROCESSOR_DEFINITIONS = (
					"DEBUG=1",
					"$(inherited)",
				);
				GCC_WARN_64_TO_32_BIT_CONVERSION = YES;
				GCC_WARN_ABOUT_RETURN_TYPE = YES_ERROR;
				GCC_WARN_UNDECLARED_SELECTOR = YES;
				GCC_WARN_UNINITIALIZED_AUTOS = YES_AGGRESSIVE;
				GCC_WARN_UNUSED_FUNCTION = YES;
				GCC_WARN_UNUSED_VARIABLE = YES;
				IPHONEOS_DEPLOYMENT_TARGET = 14.1;
				MTL_ENABLE_DEBUG_INFO = INCLUDE_SOURCE;
				MTL_FAST_MATH = YES;
				ONLY_ACTIVE_ARCH = YES;
				SDKROOT = iphoneos;
				SWIFT_ACTIVE_COMPILATION_CONDITIONS = DEBUG;
				SWIFT_OPTIMIZATION_LEVEL = "-Onone";
			};
			name = Debug;
		};
		9F1955082541601700F90D17 /* Release */ = {
			isa = XCBuildConfiguration;
			buildSettings = {
				ALWAYS_SEARCH_USER_PATHS = NO;
				CLANG_ANALYZER_NONNULL = YES;
				CLANG_ANALYZER_NUMBER_OBJECT_CONVERSION = YES_AGGRESSIVE;
				CLANG_CXX_LANGUAGE_STANDARD = "gnu++14";
				CLANG_CXX_LIBRARY = "libc++";
				CLANG_ENABLE_MODULES = YES;
				CLANG_ENABLE_OBJC_ARC = YES;
				CLANG_ENABLE_OBJC_WEAK = YES;
				CLANG_WARN_BLOCK_CAPTURE_AUTORELEASING = YES;
				CLANG_WARN_BOOL_CONVERSION = YES;
				CLANG_WARN_COMMA = YES;
				CLANG_WARN_CONSTANT_CONVERSION = YES;
				CLANG_WARN_DEPRECATED_OBJC_IMPLEMENTATIONS = YES;
				CLANG_WARN_DIRECT_OBJC_ISA_USAGE = YES_ERROR;
				CLANG_WARN_DOCUMENTATION_COMMENTS = YES;
				CLANG_WARN_EMPTY_BODY = YES;
				CLANG_WARN_ENUM_CONVERSION = YES;
				CLANG_WARN_INFINITE_RECURSION = YES;
				CLANG_WARN_INT_CONVERSION = YES;
				CLANG_WARN_NON_LITERAL_NULL_CONVERSION = YES;
				CLANG_WARN_OBJC_IMPLICIT_RETAIN_SELF = YES;
				CLANG_WARN_OBJC_LITERAL_CONVERSION = YES;
				CLANG_WARN_OBJC_ROOT_CLASS = YES_ERROR;
				CLANG_WARN_QUOTED_INCLUDE_IN_FRAMEWORK_HEADER = YES;
				CLANG_WARN_RANGE_LOOP_ANALYSIS = YES;
				CLANG_WARN_STRICT_PROTOTYPES = YES;
				CLANG_WARN_SUSPICIOUS_MOVE = YES;
				CLANG_WARN_UNGUARDED_AVAILABILITY = YES_AGGRESSIVE;
				CLANG_WARN_UNREACHABLE_CODE = YES;
				CLANG_WARN__DUPLICATE_METHOD_MATCH = YES;
				COPY_PHASE_STRIP = NO;
				DEBUG_INFORMATION_FORMAT = "dwarf-with-dsym";
				ENABLE_NS_ASSERTIONS = NO;
				ENABLE_STRICT_OBJC_MSGSEND = YES;
				GCC_C_LANGUAGE_STANDARD = gnu11;
				GCC_NO_COMMON_BLOCKS = YES;
				GCC_WARN_64_TO_32_BIT_CONVERSION = YES;
				GCC_WARN_ABOUT_RETURN_TYPE = YES_ERROR;
				GCC_WARN_UNDECLARED_SELECTOR = YES;
				GCC_WARN_UNINITIALIZED_AUTOS = YES_AGGRESSIVE;
				GCC_WARN_UNUSED_FUNCTION = YES;
				GCC_WARN_UNUSED_VARIABLE = YES;
				IPHONEOS_DEPLOYMENT_TARGET = 14.1;
				MTL_ENABLE_DEBUG_INFO = NO;
				MTL_FAST_MATH = YES;
				SDKROOT = iphoneos;
				SWIFT_COMPILATION_MODE = wholemodule;
				SWIFT_OPTIMIZATION_LEVEL = "-O";
				VALIDATE_PRODUCT = YES;
			};
			name = Release;
		};
		9F19550A2541601700F90D17 /* Debug */ = {
			isa = XCBuildConfiguration;
			buildSettings = {
				ASSETCATALOG_COMPILER_APPICON_NAME = AppIcon;
				ASSETCATALOG_COMPILER_GLOBAL_ACCENT_COLOR_NAME = AccentColor;
				CODE_SIGN_ENTITLEMENTS = ZXPiano/ZXPiano.entitlements;
				CODE_SIGN_STYLE = Automatic;
				DEVELOPMENT_ASSET_PATHS = "\"ZXPiano/Preview Content\"";
				DEVELOPMENT_TEAM = J5BVFFC7P4;
				ENABLE_PREVIEWS = YES;
				INFOPLIST_FILE = ZXPiano/Info.plist;
				IPHONEOS_DEPLOYMENT_TARGET = 14.0;
				LD_RUNPATH_SEARCH_PATHS = (
					"$(inherited)",
					"@executable_path/Frameworks",
				);
				PRODUCT_BUNDLE_IDENTIFIER = com.zzstudio.ZXPiano;
				PRODUCT_NAME = "$(TARGET_NAME)";
				SUPPORTS_MACCATALYST = YES;
				SWIFT_VERSION = 5.0;
				TARGETED_DEVICE_FAMILY = "1,2";
			};
			name = Debug;
		};
		9F19550B2541601700F90D17 /* Release */ = {
			isa = XCBuildConfiguration;
			buildSettings = {
				ASSETCATALOG_COMPILER_APPICON_NAME = AppIcon;
				ASSETCATALOG_COMPILER_GLOBAL_ACCENT_COLOR_NAME = AccentColor;
				CODE_SIGN_ENTITLEMENTS = ZXPiano/ZXPiano.entitlements;
				CODE_SIGN_STYLE = Automatic;
				DEVELOPMENT_ASSET_PATHS = "\"ZXPiano/Preview Content\"";
				DEVELOPMENT_TEAM = J5BVFFC7P4;
				ENABLE_PREVIEWS = YES;
				INFOPLIST_FILE = ZXPiano/Info.plist;
				IPHONEOS_DEPLOYMENT_TARGET = 14.0;
				LD_RUNPATH_SEARCH_PATHS = (
					"$(inherited)",
					"@executable_path/Frameworks",
				);
				PRODUCT_BUNDLE_IDENTIFIER = com.zzstudio.ZXPiano;
				PRODUCT_NAME = "$(TARGET_NAME)";
				SUPPORTS_MACCATALYST = YES;
				SWIFT_VERSION = 5.0;
				TARGETED_DEVICE_FAMILY = "1,2";
			};
			name = Release;
		};
/* End XCBuildConfiguration section */

/* Begin XCConfigurationList section */
		9F1954F52541600E00F90D17 /* Build configuration list for PBXProject "ZXPiano" */ = {
			isa = XCConfigurationList;
			buildConfigurations = (
				9F1955072541601700F90D17 /* Debug */,
				9F1955082541601700F90D17 /* Release */,
			);
			defaultConfigurationIsVisible = 0;
			defaultConfigurationName = Release;
		};
		9F1955092541601700F90D17 /* Build configuration list for PBXNativeTarget "ZXPiano" */ = {
			isa = XCConfigurationList;
			buildConfigurations = (
				9F19550A2541601700F90D17 /* Debug */,
				9F19550B2541601700F90D17 /* Release */,
			);
			defaultConfigurationIsVisible = 0;
			defaultConfigurationName = Release;
		};
/* End XCConfigurationList section */
	};
	rootObject = 9F1954F22541600E00F90D17 /* Project object */;
}
